// !$*UTF8*$!
{
	archiveVersion = 1;
	classes = {
	};
	objectVersion = 46;
	objects = {

/* Begin PBXBuildFile section */
		D834687A1E67387100778395 /* AppDelegate.swift in Sources */ = {isa = PBXBuildFile; fileRef = D83468791E67387100778395 /* AppDelegate.swift */; };
		D834687F1E67387100778395 /* Main.storyboard in Resources */ = {isa = PBXBuildFile; fileRef = D834687D1E67387100778395 /* Main.storyboard */; };
		D83468811E67387100778395 /* Assets.xcassets in Resources */ = {isa = PBXBuildFile; fileRef = D83468801E67387100778395 /* Assets.xcassets */; };
		D83468841E67387100778395 /* LaunchScreen.storyboard in Resources */ = {isa = PBXBuildFile; fileRef = D83468821E67387100778395 /* LaunchScreen.storyboard */; };
		D834688F1E67387100778395 /* LoginFormTests.swift in Sources */ = {isa = PBXBuildFile; fileRef = D834688E1E67387100778395 /* LoginFormTests.swift */; };
		D834689A1E67387100778395 /* LoginFormUITests.swift in Sources */ = {isa = PBXBuildFile; fileRef = D83468991E67387100778395 /* LoginFormUITests.swift */; };
		D83468AA1E6739F200778395 /* LoginFormViewController.swift in Sources */ = {isa = PBXBuildFile; fileRef = D83468A91E6739F200778395 /* LoginFormViewController.swift */; };
/* End PBXBuildFile section */

/* Begin PBXContainerItemProxy section */
		D834688B1E67387100778395 /* PBXContainerItemProxy */ = {
			isa = PBXContainerItemProxy;
			containerPortal = D834686E1E67386F00778395 /* Project object */;
			proxyType = 1;
			remoteGlobalIDString = D83468751E67386F00778395;
			remoteInfo = LoginForm;
		};
		D83468961E67387100778395 /* PBXContainerItemProxy */ = {
			isa = PBXContainerItemProxy;
			containerPortal = D834686E1E67386F00778395 /* Project object */;
			proxyType = 1;
			remoteGlobalIDString = D83468751E67386F00778395;
			remoteInfo = LoginForm;
		};
/* End PBXContainerItemProxy section */

/* Begin PBXFileReference section */
		D83468761E67387100778395 /* LoginForm.app */ = {isa = PBXFileReference; explicitFileType = wrapper.application; includeInIndex = 0; path = LoginForm.app; sourceTree = BUILT_PRODUCTS_DIR; };
		D83468791E67387100778395 /* AppDelegate.swift */ = {isa = PBXFileReference; lastKnownFileType = sourcecode.swift; path = AppDelegate.swift; sourceTree = "<group>"; };
		D834687E1E67387100778395 /* Base */ = {isa = PBXFileReference; lastKnownFileType = file.storyboard; name = Base; path = Base.lproj/Main.storyboard; sourceTree = "<group>"; };
		D83468801E67387100778395 /* Assets.xcassets */ = {isa = PBXFileReference; lastKnownFileType = folder.assetcatalog; path = Assets.xcassets; sourceTree = "<group>"; };
		D83468831E67387100778395 /* Base */ = {isa = PBXFileReference; lastKnownFileType = file.storyboard; name = Base; path = Base.lproj/LaunchScreen.storyboard; sourceTree = "<group>"; };
		D83468851E67387100778395 /* Info.plist */ = {isa = PBXFileReference; lastKnownFileType = text.plist.xml; path = Info.plist; sourceTree = "<group>"; };
		D834688A1E67387100778395 /* LoginFormTests.xctest */ = {isa = PBXFileReference; explicitFileType = wrapper.cfbundle; includeInIndex = 0; path = LoginFormTests.xctest; sourceTree = BUILT_PRODUCTS_DIR; };
		D834688E1E67387100778395 /* LoginFormTests.swift */ = {isa = PBXFileReference; lastKnownFileType = sourcecode.swift; path = LoginFormTests.swift; sourceTree = "<group>"; };
		D83468901E67387100778395 /* Info.plist */ = {isa = PBXFileReference; lastKnownFileType = text.plist.xml; path = Info.plist; sourceTree = "<group>"; };
		D83468951E67387100778395 /* LoginFormUITests.xctest */ = {isa = PBXFileReference; explicitFileType = wrapper.cfbundle; includeInIndex = 0; path = LoginFormUITests.xctest; sourceTree = BUILT_PRODUCTS_DIR; };
		D83468991E67387100778395 /* LoginFormUITests.swift */ = {isa = PBXFileReference; lastKnownFileType = sourcecode.swift; path = LoginFormUITests.swift; sourceTree = "<group>"; };
		D834689B1E67387100778395 /* Info.plist */ = {isa = PBXFileReference; lastKnownFileType = text.plist.xml; path = Info.plist; sourceTree = "<group>"; };
		D83468A91E6739F200778395 /* LoginFormViewController.swift */ = {isa = PBXFileReference; fileEncoding = 4; lastKnownFileType = sourcecode.swift; path = LoginFormViewController.swift; sourceTree = "<group>"; };
/* End PBXFileReference section */

/* Begin PBXFrameworksBuildPhase section */
		D83468731E67386F00778395 /* Frameworks */ = {
			isa = PBXFrameworksBuildPhase;
			buildActionMask = 2147483647;
			files = (
			);
			runOnlyForDeploymentPostprocessing = 0;
		};
		D83468871E67387100778395 /* Frameworks */ = {
			isa = PBXFrameworksBuildPhase;
			buildActionMask = 2147483647;
			files = (
			);
			runOnlyForDeploymentPostprocessing = 0;
		};
		D83468921E67387100778395 /* Frameworks */ = {
			isa = PBXFrameworksBuildPhase;
			buildActionMask = 2147483647;
			files = (
			);
			runOnlyForDeploymentPostprocessing = 0;
		};
/* End PBXFrameworksBuildPhase section */

/* Begin PBXGroup section */
		D834686D1E67386F00778395 = {
			isa = PBXGroup;
			children = (
				D83468781E67387100778395 /* LoginForm */,
				D834688D1E67387100778395 /* LoginFormTests */,
				D83468981E67387100778395 /* LoginFormUITests */,
				D83468771E67387100778395 /* Products */,
			);
			sourceTree = "<group>";
		};
		D83468771E67387100778395 /* Products */ = {
			isa = PBXGroup;
			children = (
				D83468761E67387100778395 /* LoginForm.app */,
				D834688A1E67387100778395 /* LoginFormTests.xctest */,
				D83468951E67387100778395 /* LoginFormUITests.xctest */,
			);
			name = Products;
			sourceTree = "<group>";
		};
		D83468781E67387100778395 /* LoginForm */ = {
			isa = PBXGroup;
			children = (
				D83468791E67387100778395 /* AppDelegate.swift */,
				D83468A81E6739F200778395 /* LoginForm */,
				D834687D1E67387100778395 /* Main.storyboard */,
				D83468801E67387100778395 /* Assets.xcassets */,
				D83468821E67387100778395 /* LaunchScreen.storyboard */,
				D83468851E67387100778395 /* Info.plist */,
			);
			path = LoginForm;
			sourceTree = "<group>";
		};
		D834688D1E67387100778395 /* LoginFormTests */ = {
			isa = PBXGroup;
			children = (
				D834688E1E67387100778395 /* LoginFormTests.swift */,
				D83468901E67387100778395 /* Info.plist */,
			);
			path = LoginFormTests;
			sourceTree = "<group>";
		};
		D83468981E67387100778395 /* LoginFormUITests */ = {
			isa = PBXGroup;
			children = (
				D83468991E67387100778395 /* LoginFormUITests.swift */,
				D834689B1E67387100778395 /* Info.plist */,
			);
			path = LoginFormUITests;
			sourceTree = "<group>";
		};
		D83468A81E6739F200778395 /* LoginForm */ = {
			isa = PBXGroup;
			children = (
				D83468A91E6739F200778395 /* LoginFormViewController.swift */,
			);
			path = LoginForm;
			sourceTree = "<group>";
		};
/* End PBXGroup section */

/* Begin PBXNativeTarget section */
		D83468751E67386F00778395 /* LoginForm */ = {
			isa = PBXNativeTarget;
			buildConfigurationList = D834689E1E67387100778395 /* Build configuration list for PBXNativeTarget "LoginForm" */;
			buildPhases = (
				D83468721E67386F00778395 /* Sources */,
				D83468731E67386F00778395 /* Frameworks */,
				D83468741E67386F00778395 /* Resources */,
			);
			buildRules = (
			);
			dependencies = (
			);
			name = LoginForm;
			productName = LoginForm;
			productReference = D83468761E67387100778395 /* LoginForm.app */;
			productType = "com.apple.product-type.application";
		};
		D83468891E67387100778395 /* LoginFormTests */ = {
			isa = PBXNativeTarget;
			buildConfigurationList = D83468A11E67387100778395 /* Build configuration list for PBXNativeTarget "LoginFormTests" */;
			buildPhases = (
				D83468861E67387100778395 /* Sources */,
				D83468871E67387100778395 /* Frameworks */,
				D83468881E67387100778395 /* Resources */,
			);
			buildRules = (
			);
			dependencies = (
				D834688C1E67387100778395 /* PBXTargetDependency */,
			);
			name = LoginFormTests;
			productName = LoginFormTests;
			productReference = D834688A1E67387100778395 /* LoginFormTests.xctest */;
			productType = "com.apple.product-type.bundle.unit-test";
		};
		D83468941E67387100778395 /* LoginFormUITests */ = {
			isa = PBXNativeTarget;
			buildConfigurationList = D83468A41E67387100778395 /* Build configuration list for PBXNativeTarget "LoginFormUITests" */;
			buildPhases = (
				D83468911E67387100778395 /* Sources */,
				D83468921E67387100778395 /* Frameworks */,
				D83468931E67387100778395 /* Resources */,
			);
			buildRules = (
			);
			dependencies = (
				D83468971E67387100778395 /* PBXTargetDependency */,
			);
			name = LoginFormUITests;
			productName = LoginFormUITests;
			productReference = D83468951E67387100778395 /* LoginFormUITests.xctest */;
			productType = "com.apple.product-type.bundle.ui-testing";
		};
/* End PBXNativeTarget section */

/* Begin PBXProject section */
		D834686E1E67386F00778395 /* Project object */ = {
			isa = PBXProject;
			attributes = {
				LastSwiftUpdateCheck = 0820;
				LastUpgradeCheck = 0820;
				ORGANIZATIONNAME = Mac;
				TargetAttributes = {
					D83468751E67386F00778395 = {
						CreatedOnToolsVersion = 8.2;
						ProvisioningStyle = Automatic;
					};
					D83468891E67387100778395 = {
						CreatedOnToolsVersion = 8.2;
						ProvisioningStyle = Automatic;
						TestTargetID = D83468751E67386F00778395;
					};
					D83468941E67387100778395 = {
						CreatedOnToolsVersion = 8.2;
						ProvisioningStyle = Automatic;
						TestTargetID = D83468751E67386F00778395;
					};
				};
			};
			buildConfigurationList = D83468711E67386F00778395 /* Build configuration list for PBXProject "LoginForm" */;
			compatibilityVersion = "Xcode 3.2";
			developmentRegion = English;
			hasScannedForEncodings = 0;
			knownRegions = (
				en,
				Base,
			);
			mainGroup = D834686D1E67386F00778395;
			productRefGroup = D83468771E67387100778395 /* Products */;
			projectDirPath = "";
			projectRoot = "";
			targets = (
				D83468751E67386F00778395 /* LoginForm */,
				D83468891E67387100778395 /* LoginFormTests */,
				D83468941E67387100778395 /* LoginFormUITests */,
			);
		};
/* End PBXProject section */

/* Begin PBXResourcesBuildPhase section */
		D83468741E67386F00778395 /* Resources */ = {
			isa = PBXResourcesBuildPhase;
			buildActionMask = 2147483647;
			files = (
				D83468841E67387100778395 /* LaunchScreen.storyboard in Resources */,
				D83468811E67387100778395 /* Assets.xcassets in Resources */,
				D834687F1E67387100778395 /* Main.storyboard in Resources */,
			);
			runOnlyForDeploymentPostprocessing = 0;
		};
		D83468881E67387100778395 /* Resources */ = {
			isa = PBXResourcesBuildPhase;
			buildActionMask = 2147483647;
			files = (
			);
			runOnlyForDeploymentPostprocessing = 0;
		};
		D83468931E67387100778395 /* Resources */ = {
			isa = PBXResourcesBuildPhase;
			buildActionMask = 2147483647;
			files = (
			);
			runOnlyForDeploymentPostprocessing = 0;
		};
/* End PBXResourcesBuildPhase section */

/* Begin PBXSourcesBuildPhase section */
		D83468721E67386F00778395 /* Sources */ = {
			isa = PBXSourcesBuildPhase;
			buildActionMask = 2147483647;
			files = (
				D83468AA1E6739F200778395 /* LoginFormViewController.swift in Sources */,
				D834687A1E67387100778395 /* AppDelegate.swift in Sources */,
			);
			runOnlyForDeploymentPostprocessing = 0;
		};
		D83468861E67387100778395 /* Sources */ = {
			isa = PBXSourcesBuildPhase;
			buildActionMask = 2147483647;
			files = (
				D834688F1E67387100778395 /* LoginFormTests.swift in Sources */,
			);
			runOnlyForDeploymentPostprocessing = 0;
		};
		D83468911E67387100778395 /* Sources */ = {
			isa = PBXSourcesBuildPhase;
			buildActionMask = 2147483647;
			files = (
				D834689A1E67387100778395 /* LoginFormUITests.swift in Sources */,
			);
			runOnlyForDeploymentPostprocessing = 0;
		};
/* End PBXSourcesBuildPhase section */

/* Begin PBXTargetDependency section */
		D834688C1E67387100778395 /* PBXTargetDependency */ = {
			isa = PBXTargetDependency;
			target = D83468751E67386F00778395 /* LoginForm */;
			targetProxy = D834688B1E67387100778395 /* PBXContainerItemProxy */;
		};
		D83468971E67387100778395 /* PBXTargetDependency */ = {
			isa = PBXTargetDependency;
			target = D83468751E67386F00778395 /* LoginForm */;
			targetProxy = D83468961E67387100778395 /* PBXContainerItemProxy */;
		};
/* End PBXTargetDependency section */

/* Begin PBXVariantGroup section */
		D834687D1E67387100778395 /* Main.storyboard */ = {
			isa = PBXVariantGroup;
			children = (
				D834687E1E67387100778395 /* Base */,
			);
			name = Main.storyboard;
			sourceTree = "<group>";
		};
		D83468821E67387100778395 /* LaunchScreen.storyboard */ = {
			isa = PBXVariantGroup;
			children = (
				D83468831E67387100778395 /* Base */,
			);
			name = LaunchScreen.storyboard;
			sourceTree = "<group>";
		};
/* End PBXVariantGroup section */

/* Begin XCBuildConfiguration section */
		D834689C1E67387100778395 /* Debug */ = {
			isa = XCBuildConfiguration;
			buildSettings = {
				ALWAYS_SEARCH_USER_PATHS = NO;
				CLANG_ANALYZER_NONNULL = YES;
				CLANG_CXX_LANGUAGE_STANDARD = "gnu++0x";
				CLANG_CXX_LIBRARY = "libc++";
				CLANG_ENABLE_MODULES = YES;
				CLANG_ENABLE_OBJC_ARC = YES;
				CLANG_WARN_BOOL_CONVERSION = YES;
				CLANG_WARN_CONSTANT_CONVERSION = YES;
				CLANG_WARN_DIRECT_OBJC_ISA_USAGE = YES_ERROR;
				CLANG_WARN_DOCUMENTATION_COMMENTS = YES;
				CLANG_WARN_EMPTY_BODY = YES;
				CLANG_WARN_ENUM_CONVERSION = YES;
				CLANG_WARN_INFINITE_RECURSION = YES;
				CLANG_WARN_INT_CONVERSION = YES;
				CLANG_WARN_OBJC_ROOT_CLASS = YES_ERROR;
				CLANG_WARN_SUSPICIOUS_MOVE = YES;
				CLANG_WARN_UNREACHABLE_CODE = YES;
				CLANG_WARN__DUPLICATE_METHOD_MATCH = YES;
				"CODE_SIGN_IDENTITY[sdk=iphoneos*]" = "iPhone Developer";
				COPY_PHASE_STRIP = NO;
				DEBUG_INFORMATION_FORMAT = dwarf;
				ENABLE_STRICT_OBJC_MSGSEND = YES;
				ENABLE_TESTABILITY = YES;
				GCC_C_LANGUAGE_STANDARD = gnu99;
				GCC_DYNAMIC_NO_PIC = NO;
				GCC_NO_COMMON_BLOCKS = YES;
				GCC_OPTIMIZATION_LEVEL = 0;
				GCC_PREPROCESSOR_DEFINITIONS = (
					"DEBUG=1",
					"$(inherited)",
				);
				GCC_WARN_64_TO_32_BIT_CONVERSION = YES;
				GCC_WARN_ABOUT_RETURN_TYPE = YES_ERROR;
				GCC_WARN_UNDECLARED_SELECTOR = YES;
				GCC_WARN_UNINITIALIZED_AUTOS = YES_AGGRESSIVE;
				GCC_WARN_UNUSED_FUNCTION = YES;
				GCC_WARN_UNUSED_VARIABLE = YES;
				IPHONEOS_DEPLOYMENT_TARGET = 9.3;
				MTL_ENABLE_DEBUG_INFO = YES;
				ONLY_ACTIVE_ARCH = YES;
				SDKROOT = iphoneos;
				SWIFT_ACTIVE_COMPILATION_CONDITIONS = DEBUG;
				SWIFT_OPTIMIZATION_LEVEL = "-Onone";
			};
			name = Debug;
		};
		D834689D1E67387100778395 /* Release */ = {
			isa = XCBuildConfiguration;
			buildSettings = {
				ALWAYS_SEARCH_USER_PATHS = NO;
				CLANG_ANALYZER_NONNULL = YES;
				CLANG_CXX_LANGUAGE_STANDARD = "gnu++0x";
				CLANG_CXX_LIBRARY = "libc++";
				CLANG_ENABLE_MODULES = YES;
				CLANG_ENABLE_OBJC_ARC = YES;
				CLANG_WARN_BOOL_CONVERSION = YES;
				CLANG_WARN_CONSTANT_CONVERSION = YES;
				CLANG_WARN_DIRECT_OBJC_ISA_USAGE = YES_ERROR;
				CLANG_WARN_DOCUMENTATION_COMMENTS = YES;
				CLANG_WARN_EMPTY_BODY = YES;
				CLANG_WARN_ENUM_CONVERSION = YES;
				CLANG_WARN_INFINITE_RECURSION = YES;
				CLANG_WARN_INT_CONVERSION = YES;
				CLANG_WARN_OBJC_ROOT_CLASS = YES_ERROR;
				CLANG_WARN_SUSPICIOUS_MOVE = YES;
				CLANG_WARN_UNREACHABLE_CODE = YES;
				CLANG_WARN__DUPLICATE_METHOD_MATCH = YES;
				"CODE_SIGN_IDENTITY[sdk=iphoneos*]" = "iPhone Developer";
				COPY_PHASE_STRIP = NO;
				DEBUG_INFORMATION_FORMAT = "dwarf-with-dsym";
				ENABLE_NS_ASSERTIONS = NO;
				ENABLE_STRICT_OBJC_MSGSEND = YES;
				GCC_C_LANGUAGE_STANDARD = gnu99;
				GCC_NO_COMMON_BLOCKS = YES;
				GCC_WARN_64_TO_32_BIT_CONVERSION = YES;
				GCC_WARN_ABOUT_RETURN_TYPE = YES_ERROR;
				GCC_WARN_UNDECLARED_SELECTOR = YES;
				GCC_WARN_UNINITIALIZED_AUTOS = YES_AGGRESSIVE;
				GCC_WARN_UNUSED_FUNCTION = YES;
				GCC_WARN_UNUSED_VARIABLE = YES;
				IPHONEOS_DEPLOYMENT_TARGET = 9.3;
				MTL_ENABLE_DEBUG_INFO = NO;
				SDKROOT = iphoneos;
				SWIFT_OPTIMIZATION_LEVEL = "-Owholemodule";
				VALIDATE_PRODUCT = YES;
			};
			name = Release;
		};
		D834689F1E67387100778395 /* Debug */ = {
			isa = XCBuildConfiguration;
			buildSettings = {
				ASSETCATALOG_COMPILER_APPICON_NAME = AppIcon;
				INFOPLIST_FILE = LoginForm/Info.plist;
				IPHONEOS_DEPLOYMENT_TARGET = 9.3;
				LD_RUNPATH_SEARCH_PATHS = "$(inherited) @executable_path/Frameworks";
				PRODUCT_BUNDLE_IDENTIFIER = com..LoginForm;
				PRODUCT_NAME = "$(TARGET_NAME)";
				SWIFT_VERSION = 3.0;
			};
			name = Debug;
		};
		D83468A01E67387100778395 /* Release */ = {
			isa = XCBuildConfiguration;
			buildSettings = {
				ASSETCATALOG_COMPILER_APPICON_NAME = AppIcon;
				INFOPLIST_FILE = LoginForm/Info.plist;
				IPHONEOS_DEPLOYMENT_TARGET = 9.3;
				LD_RUNPATH_SEARCH_PATHS = "$(inherited) @executable_path/Frameworks";
				PRODUCT_BUNDLE_IDENTIFIER = com..LoginForm;
				PRODUCT_NAME = "$(TARGET_NAME)";
				SWIFT_VERSION = 3.0;
			};
			name = Release;
		};
		D83468A21E67387100778395 /* Debug */ = {
			isa = XCBuildConfiguration;
			buildSettings = {
				ALWAYS_EMBED_SWIFT_STANDARD_LIBRARIES = YES;
				BUNDLE_LOADER = "$(TEST_HOST)";
				INFOPLIST_FILE = LoginFormTests/Info.plist;
				LD_RUNPATH_SEARCH_PATHS = "$(inherited) @executable_path/Frameworks @loader_path/Frameworks";
				PRODUCT_BUNDLE_IDENTIFIER = com..LoginFormTests;
				PRODUCT_NAME = "$(TARGET_NAME)";
				SWIFT_VERSION = 3.0;
				TEST_HOST = "$(BUILT_PRODUCTS_DIR)/LoginForm.app/LoginForm";
			};
			name = Debug;
		};
		D83468A31E67387100778395 /* Release */ = {
			isa = XCBuildConfiguration;
			buildSettings = {
				ALWAYS_EMBED_SWIFT_STANDARD_LIBRARIES = YES;
				BUNDLE_LOADER = "$(TEST_HOST)";
				INFOPLIST_FILE = LoginFormTests/Info.plist;
				LD_RUNPATH_SEARCH_PATHS = "$(inherited) @executable_path/Frameworks @loader_path/Frameworks";
				PRODUCT_BUNDLE_IDENTIFIER = com..LoginFormTests;
				PRODUCT_NAME = "$(TARGET_NAME)";
				SWIFT_VERSION = 3.0;
				TEST_HOST = "$(BUILT_PRODUCTS_DIR)/LoginForm.app/LoginForm";
			};
			name = Release;
		};
		D83468A51E67387100778395 /* Debug */ = {
			isa = XCBuildConfiguration;
			buildSettings = {
				ALWAYS_EMBED_SWIFT_STANDARD_LIBRARIES = YES;
				INFOPLIST_FILE = LoginFormUITests/Info.plist;
				LD_RUNPATH_SEARCH_PATHS = "$(inherited) @executable_path/Frameworks @loader_path/Frameworks";
				PRODUCT_BUNDLE_IDENTIFIER = com..LoginFormUITests;
				PRODUCT_NAME = "$(TARGET_NAME)";
				SWIFT_VERSION = 3.0;
				TEST_TARGET_NAME = LoginForm;
			};
			name = Debug;
		};
		D83468A61E67387100778395 /* Release */ = {
			isa = XCBuildConfiguration;
			buildSettings = {
				ALWAYS_EMBED_SWIFT_STANDARD_LIBRARIES = YES;
				INFOPLIST_FILE = LoginFormUITests/Info.plist;
				LD_RUNPATH_SEARCH_PATHS = "$(inherited) @executable_path/Frameworks @loader_path/Frameworks";
				PRODUCT_BUNDLE_IDENTIFIER = com..LoginFormUITests;
				PRODUCT_NAME = "$(TARGET_NAME)";
				SWIFT_VERSION = 3.0;
				TEST_TARGET_NAME = LoginForm;
			};
			name = Release;
		};
/* End XCBuildConfiguration section */

/* Begin XCConfigurationList section */
		D83468711E67386F00778395 /* Build configuration list for PBXProject "LoginForm" */ = {
			isa = XCConfigurationList;
			buildConfigurations = (
				D834689C1E67387100778395 /* Debug */,
				D834689D1E67387100778395 /* Release */,
			);
			defaultConfigurationIsVisible = 0;
			defaultConfigurationName = Release;
		};
		D834689E1E67387100778395 /* Build configuration list for PBXNativeTarget "LoginForm" */ = {
			isa = XCConfigurationList;
			buildConfigurations = (
				D834689F1E67387100778395 /* Debug */,
				D83468A01E67387100778395 /* Release */,
			);
			defaultConfigurationIsVisible = 0;
		};
		D83468A11E67387100778395 /* Build configuration list for PBXNativeTarget "LoginFormTests" */ = {
			isa = XCConfigurationList;
			buildConfigurations = (
				D83468A21E67387100778395 /* Debug */,
				D83468A31E67387100778395 /* Release */,
			);
			defaultConfigurationIsVisible = 0;
		};
		D83468A41E67387100778395 /* Build configuration list for PBXNativeTarget "LoginFormUITests" */ = {
			isa = XCConfigurationList;
			buildConfigurations = (
				D83468A51E67387100778395 /* Debug */,
				D83468A61E67387100778395 /* Release */,
			);
			defaultConfigurationIsVisible = 0;
		};
/* End XCConfigurationList section */
	};
	rootObject = D834686E1E67386F00778395 /* Project object */;
}
